// !$*UTF8*$!
{
	archiveVersion = 1;
	classes = {
	};
	objectVersion = 77;
	objects = {

/* Begin PBXContainerItemProxy section */
		6115F2AE2E4BA28C000AB80D /* PBXContainerItemProxy */ = {
			isa = PBXContainerItemProxy;
			containerPortal = 6115F2972E4BA28A000AB80D /* Project object */;
			proxyType = 1;
			remoteGlobalIDString = 6115F29E2E4BA28A000AB80D;
			remoteInfo = XboxHIDTranslator;
		};
		6115F2B82E4BA28C000AB80D /* PBXContainerItemProxy */ = {
			isa = PBXContainerItemProxy;
			containerPortal = 6115F2972E4BA28A000AB80D /* Project object */;
			proxyType = 1;
			remoteGlobalIDString = 6115F29E2E4BA28A000AB80D;
			remoteInfo = XboxHIDTranslator;
		};
/* End PBXContainerItemProxy section */

/* Begin PBXFileReference section */
		6115F29F2E4BA28A000AB80D /* XboxHIDTranslator.app */ = {isa = PBXFileReference; explicitFileType = wrapper.application; includeInIndex = 0; path = XboxHIDTranslator.app; sourceTree = BUILT_PRODUCTS_DIR; };
		6115F2AD2E4BA28C000AB80D /* XboxHIDTranslatorTests.xctest */ = {isa = PBXFileReference; explicitFileType = wrapper.cfbundle; includeInIndex = 0; path = XboxHIDTranslatorTests.xctest; sourceTree = BUILT_PRODUCTS_DIR; };
		6115F2B72E4BA28C000AB80D /* XboxHIDTranslatorUITests.xctest */ = {isa = PBXFileReference; explicitFileType = wrapper.cfbundle; includeInIndex = 0; path = XboxHIDTranslatorUITests.xctest; sourceTree = BUILT_PRODUCTS_DIR; };
/* End PBXFileReference section */

/* Begin PBXFileSystemSynchronizedBuildFileExceptionSet section */
		61B753042E4BA52C009729DB /* Exceptions for "XboxHIDTranslator" folder in "XboxHIDTranslator" target */ = {
			isa = PBXFileSystemSynchronizedBuildFileExceptionSet;
			membershipExceptions = (
				Info.plist,
			);
			target = 6115F29E2E4BA28A000AB80D /* XboxHIDTranslator */;
		};
/* End PBXFileSystemSynchronizedBuildFileExceptionSet section */

/* Begin PBXFileSystemSynchronizedRootGroup section */
		6115F2A12E4BA28A000AB80D /* XboxHIDTranslator */ = {
			isa = PBXFileSystemSynchronizedRootGroup;
			exceptions = (
				61B753042E4BA52C009729DB /* Exceptions for "XboxHIDTranslator" folder in "XboxHIDTranslator" target */,
			);
			path = XboxHIDTranslator;
			sourceTree = "<group>";
		};
		6115F2B02E4BA28C000AB80D /* XboxHIDTranslatorTests */ = {
			isa = PBXFileSystemSynchronizedRootGroup;
			path = XboxHIDTranslatorTests;
			sourceTree = "<group>";
		};
		6115F2BA2E4BA28C000AB80D /* XboxHIDTranslatorUITests */ = {
			isa = PBXFileSystemSynchronizedRootGroup;
			path = XboxHIDTranslatorUITests;
			sourceTree = "<group>";
		};
/* End PBXFileSystemSynchronizedRootGroup section */

/* Begin PBXFrameworksBuildPhase section */
		6115F29C2E4BA28A000AB80D /* Frameworks */ = {
			isa = PBXFrameworksBuildPhase;
			buildActionMask = 2147483647;
			files = (
			);
			runOnlyForDeploymentPostprocessing = 0;
		};
		6115F2AA2E4BA28C000AB80D /* Frameworks */ = {
			isa = PBXFrameworksBuildPhase;
			buildActionMask = 2147483647;
			files = (
			);
			runOnlyForDeploymentPostprocessing = 0;
		};
		6115F2B42E4BA28C000AB80D /* Frameworks */ = {
			isa = PBXFrameworksBuildPhase;
			buildActionMask = 2147483647;
			files = (
			);
			runOnlyForDeploymentPostprocessing = 0;
		};
/* End PBXFrameworksBuildPhase section */

/* Begin PBXGroup section */
		6115F2962E4BA28A000AB80D = {
			isa = PBXGroup;
			children = (
				6115F2A12E4BA28A000AB80D /* XboxHIDTranslator */,
				6115F2B02E4BA28C000AB80D /* XboxHIDTranslatorTests */,
				6115F2BA2E4BA28C000AB80D /* XboxHIDTranslatorUITests */,
				6115F2A02E4BA28A000AB80D /* Products */,
			);
			sourceTree = "<group>";
		};
		6115F2A02E4BA28A000AB80D /* Products */ = {
			isa = PBXGroup;
			children = (
				6115F29F2E4BA28A000AB80D /* XboxHIDTranslator.app */,
				6115F2AD2E4BA28C000AB80D /* XboxHIDTranslatorTests.xctest */,
				6115F2B72E4BA28C000AB80D /* XboxHIDTranslatorUITests.xctest */,
			);
			name = Products;
			sourceTree = "<group>";
		};
/* End PBXGroup section */

/* Begin PBXNativeTarget section */
		6115F29E2E4BA28A000AB80D /* XboxHIDTranslator */ = {
			isa = PBXNativeTarget;
			buildConfigurationList = 6115F2C12E4BA28C000AB80D /* Build configuration list for PBXNativeTarget "XboxHIDTranslator" */;
			buildPhases = (
				6115F29B2E4BA28A000AB80D /* Sources */,
				6115F29C2E4BA28A000AB80D /* Frameworks */,
				6115F29D2E4BA28A000AB80D /* Resources */,
			);
			buildRules = (
			);
			dependencies = (
			);
			fileSystemSynchronizedGroups = (
				6115F2A12E4BA28A000AB80D /* XboxHIDTranslator */,
			);
			name = XboxHIDTranslator;
			packageProductDependencies = (
			);
			productName = XboxHIDTranslator;
			productReference = 6115F29F2E4BA28A000AB80D /* XboxHIDTranslator.app */;
			productType = "com.apple.product-type.application";
		};
		6115F2AC2E4BA28C000AB80D /* XboxHIDTranslatorTests */ = {
			isa = PBXNativeTarget;
			buildConfigurationList = 6115F2C42E4BA28C000AB80D /* Build configuration list for PBXNativeTarget "XboxHIDTranslatorTests" */;
			buildPhases = (
				6115F2A92E4BA28C000AB80D /* Sources */,
				6115F2AA2E4BA28C000AB80D /* Frameworks */,
				6115F2AB2E4BA28C000AB80D /* Resources */,
			);
			buildRules = (
			);
			dependencies = (
				6115F2AF2E4BA28C000AB80D /* PBXTargetDependency */,
			);
			fileSystemSynchronizedGroups = (
				6115F2B02E4BA28C000AB80D /* XboxHIDTranslatorTests */,
			);
			name = XboxHIDTranslatorTests;
			packageProductDependencies = (
			);
			productName = XboxHIDTranslatorTests;
			productReference = 6115F2AD2E4BA28C000AB80D /* XboxHIDTranslatorTests.xctest */;
			productType = "com.apple.product-type.bundle.unit-test";
		};
		6115F2B62E4BA28C000AB80D /* XboxHIDTranslatorUITests */ = {
			isa = PBXNativeTarget;
			buildConfigurationList = 6115F2C72E4BA28C000AB80D /* Build configuration list for PBXNativeTarget "XboxHIDTranslatorUITests" */;
			buildPhases = (
				6115F2B32E4BA28C000AB80D /* Sources */,
				6115F2B42E4BA28C000AB80D /* Frameworks */,
				6115F2B52E4BA28C000AB80D /* Resources */,
			);
			buildRules = (
			);
			dependencies = (
				6115F2B92E4BA28C000AB80D /* PBXTargetDependency */,
			);
			fileSystemSynchronizedGroups = (
				6115F2BA2E4BA28C000AB80D /* XboxHIDTranslatorUITests */,
			);
			name = XboxHIDTranslatorUITests;
			packageProductDependencies = (
			);
			productName = XboxHIDTranslatorUITests;
			productReference = 6115F2B72E4BA28C000AB80D /* XboxHIDTranslatorUITests.xctest */;
			productType = "com.apple.product-type.bundle.ui-testing";
		};
/* End PBXNativeTarget section */

/* Begin PBXProject section */
		6115F2972E4BA28A000AB80D /* Project object */ = {
			isa = PBXProject;
			attributes = {
				BuildIndependentTargetsInParallel = 1;
				LastSwiftUpdateCheck = 1640;
				LastUpgradeCheck = 1640;
				TargetAttributes = {
					6115F29E2E4BA28A000AB80D = {
						CreatedOnToolsVersion = 16.4;
					};
					6115F2AC2E4BA28C000AB80D = {
						CreatedOnToolsVersion = 16.4;
						TestTargetID = 6115F29E2E4BA28A000AB80D;
					};
					6115F2B62E4BA28C000AB80D = {
						CreatedOnToolsVersion = 16.4;
						TestTargetID = 6115F29E2E4BA28A000AB80D;
					};
				};
			};
			buildConfigurationList = 6115F29A2E4BA28A000AB80D /* Build configuration list for PBXProject "XboxHIDTranslator" */;
			developmentRegion = en;
			hasScannedForEncodings = 0;
			knownRegions = (
				en,
				Base,
			);
			mainGroup = 6115F2962E4BA28A000AB80D;
			minimizedProjectReferenceProxies = 1;
			preferredProjectObjectVersion = 77;
			productRefGroup = 6115F2A02E4BA28A000AB80D /* Products */;
			projectDirPath = "";
			projectRoot = "";
			targets = (
				6115F29E2E4BA28A000AB80D /* XboxHIDTranslator */,
				6115F2AC2E4BA28C000AB80D /* XboxHIDTranslatorTests */,
				6115F2B62E4BA28C000AB80D /* XboxHIDTranslatorUITests */,
			);
		};
/* End PBXProject section */

/* Begin PBXResourcesBuildPhase section */
		6115F29D2E4BA28A000AB80D /* Resources */ = {
			isa = PBXResourcesBuildPhase;
			buildActionMask = 2147483647;
			files = (
			);
			runOnlyForDeploymentPostprocessing = 0;
		};
		6115F2AB2E4BA28C000AB80D /* Resources */ = {
			isa = PBXResourcesBuildPhase;
			buildActionMask = 2147483647;
			files = (
			);
			runOnlyForDeploymentPostprocessing = 0;
		};
		6115F2B52E4BA28C000AB80D /* Resources */ = {
			isa = PBXResourcesBuildPhase;
			buildActionMask = 2147483647;
			files = (
			);
			runOnlyForDeploymentPostprocessing = 0;
		};
/* End PBXResourcesBuildPhase section */

/* Begin PBXSourcesBuildPhase section */
		6115F29B2E4BA28A000AB80D /* Sources */ = {
			isa = PBXSourcesBuildPhase;
			buildActionMask = 2147483647;
			files = (
			);
			runOnlyForDeploymentPostprocessing = 0;
		};
		6115F2A92E4BA28C000AB80D /* Sources */ = {
			isa = PBXSourcesBuildPhase;
			buildActionMask = 2147483647;
			files = (
			);
			runOnlyForDeploymentPostprocessing = 0;
		};
		6115F2B32E4BA28C000AB80D /* Sources */ = {
			isa = PBXSourcesBuildPhase;
			buildActionMask = 2147483647;
			files = (
			);
			runOnlyForDeploymentPostprocessing = 0;
		};
/* End PBXSourcesBuildPhase section */

/* Begin PBXTargetDependency section */
		6115F2AF2E4BA28C000AB80D /* PBXTargetDependency */ = {
			isa = PBXTargetDependency;
			target = 6115F29E2E4BA28A000AB80D /* XboxHIDTranslator */;
			targetProxy = 6115F2AE2E4BA28C000AB80D /* PBXContainerItemProxy */;
		};
		6115F2B92E4BA28C000AB80D /* PBXTargetDependency */ = {
			isa = PBXTargetDependency;
			target = 6115F29E2E4BA28A000AB80D /* XboxHIDTranslator */;
			targetProxy = 6115F2B82E4BA28C000AB80D /* PBXContainerItemProxy */;
		};
/* End PBXTargetDependency section */

/* Begin XCBuildConfiguration section */
		6115F2BF2E4BA28C000AB80D /* Debug */ = {
			isa = XCBuildConfiguration;
			buildSettings = {
				ALWAYS_SEARCH_USER_PATHS = NO;
				ASSETCATALOG_COMPILER_GENERATE_SWIFT_ASSET_SYMBOL_EXTENSIONS = YES;
				CLANG_ANALYZER_NONNULL = YES;
				CLANG_ANALYZER_NUMBER_OBJECT_CONVERSION = YES_AGGRESSIVE;
				CLANG_CXX_LANGUAGE_STANDARD = "gnu++20";
				CLANG_ENABLE_MODULES = YES;
				CLANG_ENABLE_OBJC_ARC = YES;
				CLANG_ENABLE_OBJC_WEAK = YES;
				CLANG_WARN_BLOCK_CAPTURE_AUTORELEASING = YES;
				CLANG_WARN_BOOL_CONVERSION = YES;
				CLANG_WARN_COMMA = YES;
				CLANG_WARN_CONSTANT_CONVERSION = YES;
				CLANG_WARN_DEPRECATED_OBJC_IMPLEMENTATIONS = YES;
				CLANG_WARN_DIRECT_OBJC_ISA_USAGE = YES_ERROR;
				CLANG_WARN_DOCUMENTATION_COMMENTS = YES;
				CLANG_WARN_EMPTY_BODY = YES;
				CLANG_WARN_ENUM_CONVERSION = YES;
				CLANG_WARN_INFINITE_RECURSION = YES;
				CLANG_WARN_INT_CONVERSION = YES;
				CLANG_WARN_NON_LITERAL_NULL_CONVERSION = YES;
				CLANG_WARN_OBJC_IMPLICIT_RETAIN_SELF = YES;
				CLANG_WARN_OBJC_LITERAL_CONVERSION = YES;
				CLANG_WARN_OBJC_ROOT_CLASS = YES_ERROR;
				CLANG_WARN_QUOTED_INCLUDE_IN_FRAMEWORK_HEADER = YES;
				CLANG_WARN_RANGE_LOOP_ANALYSIS = YES;
				CLANG_WARN_STRICT_PROTOTYPES = YES;
				CLANG_WARN_SUSPICIOUS_MOVE = YES;
				CLANG_WARN_UNGUARDED_AVAILABILITY = YES_AGGRESSIVE;
				CLANG_WARN_UNREACHABLE_CODE = YES;
				CLANG_WARN__DUPLICATE_METHOD_MATCH = YES;
				COPY_PHASE_STRIP = NO;
				DEBUG_INFORMATION_FORMAT = dwarf;
				ENABLE_STRICT_OBJC_MSGSEND = YES;
				ENABLE_TESTABILITY = YES;
				ENABLE_USER_SCRIPT_SANDBOXING = YES;
				GCC_C_LANGUAGE_STANDARD = gnu17;
				GCC_DYNAMIC_NO_PIC = NO;
				GCC_NO_COMMON_BLOCKS = YES;
				GCC_OPTIMIZATION_LEVEL = 0;
				GCC_PREPROCESSOR_DEFINITIONS = (
					"DEBUG=1",
					"$(inherited)",
				);
				GCC_WARN_64_TO_32_BIT_CONVERSION = YES;
				GCC_WARN_ABOUT_RETURN_TYPE = YES_ERROR;
				GCC_WARN_UNDECLARED_SELECTOR = YES;
				GCC_WARN_UNINITIALIZED_AUTOS = YES_AGGRESSIVE;
				GCC_WARN_UNUSED_FUNCTION = YES;
				GCC_WARN_UNUSED_VARIABLE = YES;
				LOCALIZATION_PREFERS_STRING_CATALOGS = YES;
				MACOSX_DEPLOYMENT_TARGET = 15.5;
				MTL_ENABLE_DEBUG_INFO = INCLUDE_SOURCE;
				MTL_FAST_MATH = YES;
				ONLY_ACTIVE_ARCH = YES;
				SDKROOT = macosx;
				SWIFT_ACTIVE_COMPILATION_CONDITIONS = "DEBUG $(inherited)";
				SWIFT_OPTIMIZATION_LEVEL = "-Onone";
			};
			name = Debug;
		};
		6115F2C02E4BA28C000AB80D /* Release */ = {
			isa = XCBuildConfiguration;
			buildSettings = {
				ALWAYS_SEARCH_USER_PATHS = NO;
				ASSETCATALOG_COMPILER_GENERATE_SWIFT_ASSET_SYMBOL_EXTENSIONS = YES;
				CLANG_ANALYZER_NONNULL = YES;
				CLANG_ANALYZER_NUMBER_OBJECT_CONVERSION = YES_AGGRESSIVE;
				CLANG_CXX_LANGUAGE_STANDARD = "gnu++20";
				CLANG_ENABLE_MODULES = YES;
				CLANG_ENABLE_OBJC_ARC = YES;
				CLANG_ENABLE_OBJC_WEAK = YES;
				CLANG_WARN_BLOCK_CAPTURE_AUTORELEASING = YES;
				CLANG_WARN_BOOL_CONVERSION = YES;
				CLANG_WARN_COMMA = YES;
				CLANG_WARN_CONSTANT_CONVERSION = YES;
				CLANG_WARN_DEPRECATED_OBJC_IMPLEMENTATIONS = YES;
				CLANG_WARN_DIRECT_OBJC_ISA_USAGE = YES_ERROR;
				CLANG_WARN_DOCUMENTATION_COMMENTS = YES;
				CLANG_WARN_EMPTY_BODY = YES;
				CLANG_WARN_ENUM_CONVERSION = YES;
				CLANG_WARN_INFINITE_RECURSION = YES;
				CLANG_WARN_INT_CONVERSION = YES;
				CLANG_WARN_NON_LITERAL_NULL_CONVERSION = YES;
				CLANG_WARN_OBJC_IMPLICIT_RETAIN_SELF = YES;
				CLANG_WARN_OBJC_LITERAL_CONVERSION = YES;
				CLANG_WARN_OBJC_ROOT_CLASS = YES_ERROR;
				CLANG_WARN_QUOTED_INCLUDE_IN_FRAMEWORK_HEADER = YES;
				CLANG_WARN_RANGE_LOOP_ANALYSIS = YES;
				CLANG_WARN_STRICT_PROTOTYPES = YES;
				CLANG_WARN_SUSPICIOUS_MOVE = YES;
				CLANG_WARN_UNGUARDED_AVAILABILITY = YES_AGGRESSIVE;
				CLANG_WARN_UNREACHABLE_CODE = YES;
				CLANG_WARN__DUPLICATE_METHOD_MATCH = YES;
				COPY_PHASE_STRIP = NO;
				DEBUG_INFORMATION_FORMAT = "dwarf-with-dsym";
				ENABLE_NS_ASSERTIONS = NO;
				ENABLE_STRICT_OBJC_MSGSEND = YES;
				ENABLE_USER_SCRIPT_SANDBOXING = YES;
				GCC_C_LANGUAGE_STANDARD = gnu17;
				GCC_NO_COMMON_BLOCKS = YES;
				GCC_WARN_64_TO_32_BIT_CONVERSION = YES;
				GCC_WARN_ABOUT_RETURN_TYPE = YES_ERROR;
				GCC_WARN_UNDECLARED_SELECTOR = YES;
				GCC_WARN_UNINITIALIZED_AUTOS = YES_AGGRESSIVE;
				GCC_WARN_UNUSED_FUNCTION = YES;
				GCC_WARN_UNUSED_VARIABLE = YES;
				LOCALIZATION_PREFERS_STRING_CATALOGS = YES;
				MACOSX_DEPLOYMENT_TARGET = 15.5;
				MTL_ENABLE_DEBUG_INFO = NO;
				MTL_FAST_MATH = YES;
				SDKROOT = macosx;
				SWIFT_COMPILATION_MODE = wholemodule;
			};
			name = Release;
		};
		6115F2C22E4BA28C000AB80D /* Debug */ = {
			isa = XCBuildConfiguration;
			buildSettings = {
				ASSETCATALOG_COMPILER_APPICON_NAME = AppIcon;
				ASSETCATALOG_COMPILER_GLOBAL_ACCENT_COLOR_NAME = AccentColor;
				CODE_SIGN_ENTITLEMENTS = XboxHIDTranslator/XboxHIDTranslator.entitlements;
				CODE_SIGN_STYLE = Automatic;
				COMBINE_HIDPI_IMAGES = YES;
				CURRENT_PROJECT_VERSION = 1;
				ENABLE_HARDENED_RUNTIME = YES;
				ENABLE_PREVIEWS = YES;
				GENERATE_INFOPLIST_FILE = YES;
				INFOPLIST_FILE = XboxHIDTranslator/Info.plist;
				INFOPLIST_KEY_GCSupportsControllerUserInteraction = YES;
				INFOPLIST_KEY_NSHumanReadableCopyright = "";
				LD_RUNPATH_SEARCH_PATHS = (
					"$(inherited)",
					"@executable_path/../Frameworks",
				);
				MARKETING_VERSION = 1.0;
				PRODUCT_BUNDLE_IDENTIFIER = com.alexys.XboxHIDTranslator;
				PRODUCT_NAME = "$(TARGET_NAME)";
				REGISTER_APP_GROUPS = YES;
				SWIFT_EMIT_LOC_STRINGS = YES;
				SWIFT_VERSION = 5.0;
			};
			name = Debug;
		};
		6115F2C32E4BA28C000AB80D /* Release */ = {
			isa = XCBuildConfiguration;
			buildSettings = {
				ASSETCATALOG_COMPILER_APPICON_NAME = AppIcon;
				ASSETCATALOG_COMPILER_GLOBAL_ACCENT_COLOR_NAME = AccentColor;
				CODE_SIGN_ENTITLEMENTS = XboxHIDTranslator/XboxHIDTranslator.entitlements;
				CODE_SIGN_STYLE = Automatic;
				COMBINE_HIDPI_IMAGES = YES;
				CURRENT_PROJECT_VERSION = 1;
				ENABLE_HARDENED_RUNTIME = YES;
				ENABLE_PREVIEWS = YES;
				GENERATE_INFOPLIST_FILE = YES;
				INFOPLIST_FILE = XboxHIDTranslator/Info.plist;
				INFOPLIST_KEY_GCSupportsControllerUserInteraction = YES;
				INFOPLIST_KEY_NSHumanReadableCopyright = "";
				LD_RUNPATH_SEARCH_PATHS = (
					"$(inherited)",
					"@executable_path/../Frameworks",
				);
				MARKETING_VERSION = 1.0;
				PRODUCT_BUNDLE_IDENTIFIER = com.alexys.XboxHIDTranslator;
				PRODUCT_NAME = "$(TARGET_NAME)";
				REGISTER_APP_GROUPS = YES;
				SWIFT_EMIT_LOC_STRINGS = YES;
				SWIFT_VERSION = 5.0;
			};
			name = Release;
		};
		6115F2C52E4BA28C000AB80D /* Debug */ = {
			isa = XCBuildConfiguration;
			buildSettings = {
				BUNDLE_LOADER = "$(TEST_HOST)";
				CODE_SIGN_STYLE = Automatic;
				CURRENT_PROJECT_VERSION = 1;
				GENERATE_INFOPLIST_FILE = YES;
				MACOSX_DEPLOYMENT_TARGET = 15.5;
				MARKETING_VERSION = 1.0;
				PRODUCT_BUNDLE_IDENTIFIER = com.alexys.XboxHIDTranslatorTests;
				PRODUCT_NAME = "$(TARGET_NAME)";
				SWIFT_EMIT_LOC_STRINGS = NO;
				SWIFT_VERSION = 5.0;
				TEST_HOST = "$(BUILT_PRODUCTS_DIR)/XboxHIDTranslator.app/$(BUNDLE_EXECUTABLE_FOLDER_PATH)/XboxHIDTranslator";
			};
			name = Debug;
		};
		6115F2C62E4BA28C000AB80D /* Release */ = {
			isa = XCBuildConfiguration;
			buildSettings = {
				BUNDLE_LOADER = "$(TEST_HOST)";
				CODE_SIGN_STYLE = Automatic;
				CURRENT_PROJECT_VERSION = 1;
				GENERATE_INFOPLIST_FILE = YES;
				MACOSX_DEPLOYMENT_TARGET = 15.5;
				MARKETING_VERSION = 1.0;
				PRODUCT_BUNDLE_IDENTIFIER = com.alexys.XboxHIDTranslatorTests;
				PRODUCT_NAME = "$(TARGET_NAME)";
				SWIFT_EMIT_LOC_STRINGS = NO;
				SWIFT_VERSION = 5.0;
				TEST_HOST = "$(BUILT_PRODUCTS_DIR)/XboxHIDTranslator.app/$(BUNDLE_EXECUTABLE_FOLDER_PATH)/XboxHIDTranslator";
			};
			name = Release;
		};
		6115F2C82E4BA28C000AB80D /* Debug */ = {
			isa = XCBuildConfiguration;
			buildSettings = {
				CODE_SIGN_STYLE = Automatic;
				CURRENT_PROJECT_VERSION = 1;
				GENERATE_INFOPLIST_FILE = YES;
				MARKETING_VERSION = 1.0;
				PRODUCT_BUNDLE_IDENTIFIER = com.alexys.XboxHIDTranslatorUITests;
				PRODUCT_NAME = "$(TARGET_NAME)";
				SWIFT_EMIT_LOC_STRINGS = NO;
				SWIFT_VERSION = 5.0;
				TEST_TARGET_NAME = XboxHIDTranslator;
			};
			name = Debug;
		};
		6115F2C92E4BA28C000AB80D /* Release */ = {
			isa = XCBuildConfiguration;
			buildSettings = {
				CODE_SIGN_STYLE = Automatic;
				CURRENT_PROJECT_VERSION = 1;
				GENERATE_INFOPLIST_FILE = YES;
				MARKETING_VERSION = 1.0;
				PRODUCT_BUNDLE_IDENTIFIER = com.alexys.XboxHIDTranslatorUITests;
				PRODUCT_NAME = "$(TARGET_NAME)";
				SWIFT_EMIT_LOC_STRINGS = NO;
				SWIFT_VERSION = 5.0;
				TEST_TARGET_NAME = XboxHIDTranslator;
			};
			name = Release;
		};
/* End XCBuildConfiguration section */

/* Begin XCConfigurationList section */
		6115F29A2E4BA28A000AB80D /* Build configuration list for PBXProject "XboxHIDTranslator" */ = {
			isa = XCConfigurationList;
			buildConfigurations = (
				6115F2BF2E4BA28C000AB80D /* Debug */,
				6115F2C02E4BA28C000AB80D /* Release */,
			);
			defaultConfigurationIsVisible = 0;
			defaultConfigurationName = Release;
		};
		6115F2C12E4BA28C000AB80D /* Build configuration list for PBXNativeTarget "XboxHIDTranslator" */ = {
			isa = XCConfigurationList;
			buildConfigurations = (
				6115F2C22E4BA28C000AB80D /* Debug */,
				6115F2C32E4BA28C000AB80D /* Release */,
			);
			defaultConfigurationIsVisible = 0;
			defaultConfigurationName = Release;
		};
		6115F2C42E4BA28C000AB80D /* Build configuration list for PBXNativeTarget "XboxHIDTranslatorTests" */ = {
			isa = XCConfigurationList;
			buildConfigurations = (
				6115F2C52E4BA28C000AB80D /* Debug */,
				6115F2C62E4BA28C000AB80D /* Release */,
			);
			defaultConfigurationIsVisible = 0;
			defaultConfigurationName = Release;
		};
		6115F2C72E4BA28C000AB80D /* Build configuration list for PBXNativeTarget "XboxHIDTranslatorUITests" */ = {
			isa = XCConfigurationList;
			buildConfigurations = (
				6115F2C82E4BA28C000AB80D /* Debug */,
				6115F2C92E4BA28C000AB80D /* Release */,
			);
			defaultConfigurationIsVisible = 0;
			defaultConfigurationName = Release;
		};
/* End XCConfigurationList section */
	};
	rootObject = 6115F2972E4BA28A000AB80D /* Project object */;
}
